
Microsoft Visual Studio Solution File, Format Version 12.00
# Visual Studio Version 16
VisualStudioVersion = 16.0.30309.148
MinimumVisualStudioVersion = 10.0.40219.1
Project("{FAE04EC0-301F-11D3-BF4B-00C04F79EFBC}") = "Calculator", "Calculator\Calculator.csproj", "{7226ED07-E3A2-4216-9712-31A381E13AEC}"
EndProject
Global
	GlobalSection(SolutionConfigurationPlatforms) = preSolution
		Debug|Any CPU = Debug|Any CPU
		Release|Any CPU = Release|Any CPU
	EndGlobalSection
	GlobalSection(ProjectConfigurationPlatforms) = postSolution
		{7226ED07-E3A2-4216-9712-31A381E13AEC}.Debug|Any CPU.ActiveCfg = Debug|Any CPU
		{7226ED07-E3A2-4216-9712-31A381E13AEC}.Debug|Any CPU.Build.0 = Debug|Any CPU
		{7226ED07-E3A2-4216-9712-31A381E13AEC}.Release|Any CPU.ActiveCfg = Release|Any CPU
		{7226ED07-E3A2-4216-9712-31A381E13AEC}.Release|Any CPU.Build.0 = Release|Any CPU
	EndGlobalSection
	GlobalSection(SolutionProperties) = preSolution
		HideSolutionNode = FALSE
	EndGlobalSection
	GlobalSection(ExtensibilityGlobals) = postSolution
		SolutionGuid = {C31C26D7-F35F-4816-8F01-6C5B76812C35}
	EndGlobalSection
EndGlobal
